{
  "name": "main",
  "version": "1.0.0",
  "lockfileVersion": 1,
  "requires": true,
  "dependencies": {
    "a": {
      "version": "file:../a",
      "requires": {
        "base": "file:../base-1.0.0"
      },
      "dependencies": {
        "base": {
          "version": "file:../base-1.0.0"
        }
      }
    },
    "b": {
      "version": "file:../b",
      "requires": {
        "base": "file:../base-1.1.0"
      },
      "dependencies": {
        "base": {
          "version": "file:../base-1.1.0"
        }
      }
    }
  }
}
